<?xml version="1.0" encoding="utf-8"?>
<Project ToolsVersion="4.0" xmlns="http://schemas.microsoft.com/developer/msbuild/2003">
  <ItemGroup>
    <Filter Include="源文件">
      <UniqueIdentifier>{4FC737F1-C7A5-4376-A066-2A32D752A2FF}</UniqueIdentifier>
      <Extensions>cpp;c;cc;cxx;def;odl;idl;hpj;bat;asm;asmx</Extensions>
    </Filter>
    <Filter Include="头文件">
      <UniqueIdentifier>{93995380-89BD-4b04-88EB-625FBE52EBFB}</UniqueIdentifier>
      <Extensions>h;hh;hpp;hxx;hm;inl;inc;ipp;xsd</Extensions>
    </Filter>
    <Filter Include="资源文件">
      <UniqueIdentifier>{67DA6AB6-F800-4c08-8B7A-83BB121AAD01}</UniqueIdentifier>
      <Extensions>rc;ico;cur;bmp;dlg;rc2;rct;bin;rgs;gif;jpg;jpeg;jpe;resx;tiff;tif;png;wav;mfcribbon-ms</Extensions>
    </Filter>
  </ItemGroup>
  <ItemGroup>
    <ClInclude Include="stdafx.h">
      <Filter>头文件</Filter>
    </ClInclude>
    <ClInclude Include="targetver.h">
      <Filter>头文件</Filter>
    </ClInclude>
    <ClInclude Include="Common\blockingconcurrentqueue.h">
      <Filter>头文件</Filter>
    </ClInclude>
    <ClInclude Include="Common\concurrentqueue.h">
      <Filter>头文件</Filter>
    </ClInclude>
    <ClInclude Include="Common\CoolTime.hpp">
      <Filter>头文件</Filter>
    </ClInclude>
    <ClInclude Include="Common\FPSCalc.hpp">
      <Filter>头文件</Filter>
    </ClInclude>
    <ClInclude Include="Proc\Camera.h">
      <Filter>头文件</Filter>
    </ClInclude>
    <ClInclude Include="Proc\CameraThread.h">
      <Filter>头文件</Filter>
    </ClInclude>
    <ClInclude Include="Proc\CamImageProc.hpp">
      <Filter>头文件</Filter>
    </ClInclude>
    <ClInclude Include="Proc\DevicesHelper.h">
      <Filter>头文件</Filter>
    </ClInclude>
    <ClInclude Include="cvsdef.h">
      <Filter>头文件</Filter>
    </ClInclude>
    <ClInclude Include="CVSystem.h">
      <Filter>头文件</Filter>
    </ClInclude>
    <ClInclude Include="Proc\CameraManger.h">
      <Filter>头文件</Filter>
    </ClInclude>
    <ClInclude Include="eventbus\internal\AsyncCallbackVector.h">
      <Filter>头文件</Filter>
    </ClInclude>
    <ClInclude Include="eventbus\internal\CallbackVector.h">
      <Filter>头文件</Filter>
    </ClInclude>
    <ClInclude Include="eventbus\internal\common.h">
      <Filter>头文件</Filter>
    </ClInclude>
    <ClInclude Include="eventbus\internal\TransactionCallbackVector.h">
      <Filter>头文件</Filter>
    </ClInclude>
    <ClInclude Include="eventbus\AsyncEventBus.h">
      <Filter>头文件</Filter>
    </ClInclude>
    <ClInclude Include="eventbus\EventBus.h">
      <Filter>头文件</Filter>
    </ClInclude>
    <ClInclude Include="eventbus\EventCollector.h">
      <Filter>头文件</Filter>
    </ClInclude>
    <ClInclude Include="eventbus\TokenHolder.h">
      <Filter>头文件</Filter>
    </ClInclude>
    <ClInclude Include="Common\BaseThread.h">
      <Filter>头文件</Filter>
    </ClInclude>
    <ClInclude Include="Proc\SimpleModule.hpp">
      <Filter>头文件</Filter>
    </ClInclude>
    <ClInclude Include="Common\Event.h">
      <Filter>头文件</Filter>
    </ClInclude>
    <ClInclude Include="Proc\Draw.h">
      <Filter>头文件</Filter>
    </ClInclude>
    <ClInclude Include="Common.h">
      <Filter>头文件</Filter>
    </ClInclude>
    <ClInclude Include="ALGO.hpp">
      <Filter>头文件</Filter>
    </ClInclude>
    <ClInclude Include="Proc\CameraImage.h">
      <Filter>头文件</Filter>
    </ClInclude>
    <ClInclude Include="Proc\CameraGrab.h">
      <Filter>头文件</Filter>
    </ClInclude>
    <ClInclude Include="Proc\FrameProc.h">
      <Filter>头文件</Filter>
    </ClInclude>
    <ClInclude Include="Proc\MultiCameraMT.h">
      <Filter>头文件</Filter>
    </ClInclude>
    <ClInclude Include="Proc\MultiCamera.h">
      <Filter>头文件</Filter>
    </ClInclude>
    <ClInclude Include="DTO\JsonHelper.h">
      <Filter>头文件</Filter>
    </ClInclude>
    <ClInclude Include="DTO\Serialize.h">
      <Filter>头文件</Filter>
    </ClInclude>
    <ClInclude Include="DTO\DTOType.h">
      <Filter>头文件</Filter>
    </ClInclude>
    <ClInclude Include="Json.h">
      <Filter>头文件</Filter>
    </ClInclude>
    <ClInclude Include="DTO\sht.h">
      <Filter>头文件</Filter>
    </ClInclude>
    <ClInclude Include="Common\StringHelper.h">
      <Filter>头文件</Filter>
    </ClInclude>
    <ClInclude Include="Proc\MultiCameraTP.h">
      <Filter>头文件</Filter>
    </ClInclude>
    <ClInclude Include="Common\ThreadPool.h">
      <Filter>头文件</Filter>
    </ClInclude>
    <ClInclude Include="Proc\ImageSave.h">
      <Filter>头文件</Filter>
    </ClInclude>
    <ClInclude Include="Algorithm\LightPoint.hpp">
      <Filter>头文件</Filter>
    </ClInclude>
    <ClInclude Include="Algorithm\Project3DTo2D.hpp">
      <Filter>头文件</Filter>
    </ClInclude>
  </ItemGroup>
  <ItemGroup>
    <ClCompile Include="stdafx.cpp">
      <Filter>源文件</Filter>
    </ClCompile>
    <ClCompile Include="Proc\Camera.cpp">
      <Filter>源文件</Filter>
    </ClCompile>
    <ClCompile Include="Proc\CameraThread.cpp">
      <Filter>源文件</Filter>
    </ClCompile>
    <ClCompile Include="Proc\DevicesHelper.cpp">
      <Filter>源文件</Filter>
    </ClCompile>
    <ClCompile Include="CVSystem.cpp">
      <Filter>源文件</Filter>
    </ClCompile>
    <ClCompile Include="Proc\CameraManger.cpp">
      <Filter>源文件</Filter>
    </ClCompile>
    <ClCompile Include="eventbus\AsyncEventBus.cpp">
      <Filter>源文件</Filter>
    </ClCompile>
    <ClCompile Include="Common\BaseThread.cpp">
      <Filter>源文件</Filter>
    </ClCompile>
    <ClCompile Include="Common\Event.cpp">
      <Filter>源文件</Filter>
    </ClCompile>
    <ClCompile Include="Proc\Draw.cpp">
      <Filter>源文件</Filter>
    </ClCompile>
    <ClCompile Include="Proc\CameraGrab.cpp">
      <Filter>源文件</Filter>
    </ClCompile>
    <ClCompile Include="Proc\MultiCameraMT.cpp">
      <Filter>源文件</Filter>
    </ClCompile>
    <ClCompile Include="Proc\MultiCamera.cpp">
      <Filter>源文件</Filter>
    </ClCompile>
    <ClCompile Include="Common\StringHelper.cpp">
      <Filter>源文件</Filter>
    </ClCompile>
    <ClCompile Include="Proc\MultiCameraTP.cpp">
      <Filter>源文件</Filter>
    </ClCompile>
    <ClCompile Include="Common\ThreadPool.cpp">
      <Filter>源文件</Filter>
    </ClCompile>
    <ClCompile Include="Proc\ImageSave.cpp">
      <Filter>源文件</Filter>
    </ClCompile>
  </ItemGroup>
  <ItemGroup>
    <None Include=".clang-format" />
  </ItemGroup>
</Project>